
Microsoft Visual Studio Solution File, Format Version 12.00
# Visual Studio Version 17
VisualStudioVersion = 17.4.33103.184
MinimumVisualStudioVersion = 10.0.40219.1
Project("{8BC9CEB8-8B4A-11D0-8D11-00A0C91BC942}") = "winmail", "winmail\winmail.vcxproj", "{1CAE2DD9-7567-49E7-852C-68A8F9181C72}"
EndProject
Global
	GlobalSection(SolutionConfigurationPlatforms) = preSolution
		Debug|x64 = Debug|x64
		Debug|x86 = Debug|x86
		Release|x64 = Release|x64
		Release|x86 = Release|x86
	EndGlobalSection
	GlobalSection(ProjectConfigurationPlatforms) = postSolution
		{1CAE2DD9-7567-49E7-852C-68A8F9181C72}.Debug|x64.ActiveCfg = Debug|x64
		{1CAE2DD9-7567-49E7-852C-68A8F9181C72}.Debug|x64.Build.0 = Debug|x64
		{1CAE2DD9-7567-49E7-852C-68A8F9181C72}.Debug|x86.ActiveCfg = Debug|Win32
		{1CAE2DD9-7567-49E7-852C-68A8F9181C72}.Debug|x86.Build.0 = Debug|Win32
		{1CAE2DD9-7567-49E7-852C-68A8F9181C72}.Release|x64.ActiveCfg = Release|x64
		{1CAE2DD9-7567-49E7-852C-68A8F9181C72}.Release|x64.Build.0 = Release|x64
		{1CAE2DD9-7567-49E7-852C-68A8F9181C72}.Release|x86.ActiveCfg = Release|Win32
		{1CAE2DD9-7567-49E7-852C-68A8F9181C72}.Release|x86.Build.0 = Release|Win32
	EndGlobalSection
	GlobalSection(SolutionProperties) = preSolution
		HideSolutionNode = FALSE
	EndGlobalSection
	GlobalSection(ExtensibilityGlobals) = postSolution
		SolutionGuid = {F2C3E4CE-8AD8-4C5E-959D-F43E1CDECA16}
	EndGlobalSection
EndGlobal
